
Microsoft Visual Studio Solution File, Format Version 12.00
# Visual Studio Version 17
VisualStudioVersion = 17.14.37516.0 d17.14
MinimumVisualStudioVersion = 10.0.40219.1
Project("{FAE04EC0-301F-11D3-BF4B-00C04F79EFBC}") = "Tutorial_2_5", "Tutorial_2_5\Tutorial_2_5.csproj", "{8638FC21-7BCC-46D7-BBA3-8C6A5BA3D634}"
EndProject
Global
	GlobalSection(SolutionConfigurationPlatforms) = preSolution
		Debug|Any CPU = Debug|Any CPU
		Release|Any CPU = Release|Any CPU
	EndGlobalSection
	GlobalSection(ProjectConfigurationPlatforms) = postSolution
		{8638FC21-7BCC-46D7-BBA3-8C6A5BA3D634}.Debug|Any CPU.ActiveCfg = Debug|Any CPU
		{8638FC21-7BCC-46D7-BBA3-8C6A5BA3D634}.Debug|Any CPU.Build.0 = Debug|Any CPU
		{8638FC21-7BCC-46D7-BBA3-8C6A5BA3D634}.Release|Any CPU.ActiveCfg = Release|Any CPU
		{8638FC21-7BCC-46D7-BBA3-8C6A5BA3D634}.Release|Any CPU.Build.0 = Release|Any CPU
	EndGlobalSection
	GlobalSection(SolutionProperties) = preSolution
		HideSolutionNode = FALSE
	EndGlobalSection
	GlobalSection(ExtensibilityGlobals) = postSolution
		SolutionGuid = {F66EFA60-0097-4BF3-91B2-095546DD9F43}
	EndGlobalSection
EndGlobal
